
Microsoft Visual Studio Solution File, Format Version 12.00
# Visual Studio Version 16
VisualStudioVersion = 16.0.31702.278
MinimumVisualStudioVersion = 10.0.40219.1
Project("{FAE04EC0-301F-11D3-BF4B-00C04F79EFBC}") = "DB4ODemo", "DB4ODemo\DB4ODemo.csproj", "{FB6D6B83-C9B0-4EBA-9B65-D2A1B5F4B118}"
EndProject
Project("{FAE04EC0-301F-11D3-BF4B-00C04F79EFBC}") = "DB4)_NetCore_8.1.6", "DB4)_NetCore_8.1.6\DB4)_NetCore_8.1.6.csproj", "{1E7C75AF-0EF9-4FEA-B4B3-D2BC54966EB5}"
EndProject
Global
	GlobalSection(SolutionConfigurationPlatforms) = preSolution
		Debug|Any CPU = Debug|Any CPU
		Release|Any CPU = Release|Any CPU
	EndGlobalSection
	GlobalSection(ProjectConfigurationPlatforms) = postSolution
		{FB6D6B83-C9B0-4EBA-9B65-D2A1B5F4B118}.Debug|Any CPU.ActiveCfg = Debug|Any CPU
		{FB6D6B83-C9B0-4EBA-9B65-D2A1B5F4B118}.Debug|Any CPU.Build.0 = Debug|Any CPU
		{FB6D6B83-C9B0-4EBA-9B65-D2A1B5F4B118}.Release|Any CPU.ActiveCfg = Release|Any CPU
		{FB6D6B83-C9B0-4EBA-9B65-D2A1B5F4B118}.Release|Any CPU.Build.0 = Release|Any CPU
		{1E7C75AF-0EF9-4FEA-B4B3-D2BC54966EB5}.Debug|Any CPU.ActiveCfg = Debug|Any CPU
		{1E7C75AF-0EF9-4FEA-B4B3-D2BC54966EB5}.Debug|Any CPU.Build.0 = Debug|Any CPU
		{1E7C75AF-0EF9-4FEA-B4B3-D2BC54966EB5}.Release|Any CPU.ActiveCfg = Release|Any CPU
		{1E7C75AF-0EF9-4FEA-B4B3-D2BC54966EB5}.Release|Any CPU.Build.0 = Release|Any CPU
	EndGlobalSection
	GlobalSection(SolutionProperties) = preSolution
		HideSolutionNode = FALSE
	EndGlobalSection
	GlobalSection(ExtensibilityGlobals) = postSolution
		SolutionGuid = {62DF6B18-2778-4481-AAC1-295229E30B52}
	EndGlobalSection
EndGlobal
