
Microsoft Visual Studio Solution File, Format Version 12.00
# Visual Studio Version 16
VisualStudioVersion = 16.0.31702.278
MinimumVisualStudioVersion = 10.0.40219.1
Project("{FAE04EC0-301F-11D3-BF4B-00C04F79EFBC}") = "DemoDB4O", "DemoDB4O\DemoDB4O.csproj", "{10D4C28C-785F-4188-BD49-1B0B754F04E0}"
EndProject
Project("{FAE04EC0-301F-11D3-BF4B-00C04F79EFBC}") = "DemoDB4OStudent", "DemoDB4OStudent\DemoDB4OStudent.csproj", "{838ADC05-3F54-4C0F-A0F6-12DDB8719163}"
EndProject
Global
	GlobalSection(SolutionConfigurationPlatforms) = preSolution
		Debug|Any CPU = Debug|Any CPU
		Release|Any CPU = Release|Any CPU
	EndGlobalSection
	GlobalSection(ProjectConfigurationPlatforms) = postSolution
		{10D4C28C-785F-4188-BD49-1B0B754F04E0}.Debug|Any CPU.ActiveCfg = Debug|Any CPU
		{10D4C28C-785F-4188-BD49-1B0B754F04E0}.Debug|Any CPU.Build.0 = Debug|Any CPU
		{10D4C28C-785F-4188-BD49-1B0B754F04E0}.Release|Any CPU.ActiveCfg = Release|Any CPU
		{10D4C28C-785F-4188-BD49-1B0B754F04E0}.Release|Any CPU.Build.0 = Release|Any CPU
		{838ADC05-3F54-4C0F-A0F6-12DDB8719163}.Debug|Any CPU.ActiveCfg = Debug|Any CPU
		{838ADC05-3F54-4C0F-A0F6-12DDB8719163}.Debug|Any CPU.Build.0 = Debug|Any CPU
		{838ADC05-3F54-4C0F-A0F6-12DDB8719163}.Release|Any CPU.ActiveCfg = Release|Any CPU
		{838ADC05-3F54-4C0F-A0F6-12DDB8719163}.Release|Any CPU.Build.0 = Release|Any CPU
	EndGlobalSection
	GlobalSection(SolutionProperties) = preSolution
		HideSolutionNode = FALSE
	EndGlobalSection
	GlobalSection(ExtensibilityGlobals) = postSolution
		SolutionGuid = {2273E276-3B30-414C-A896-C7C4DEEDE89A}
	EndGlobalSection
EndGlobal
